// !$*UTF8*$!
{
	archiveVersion = 1;
	classes = {
	};
	objectVersion = 46;
	objects = {

/* Begin PBXBuildFile section */
		CE3DB44415E932E400A35657 /* DetailViewController.m in Sources */ = {isa = PBXBuildFile; fileRef = CE3DB44215E932E400A35657 /* DetailViewController.m */; };
		CE3DB44515E932E400A35657 /* DetailViewController.xib in Resources */ = {isa = PBXBuildFile; fileRef = CE3DB44315E932E400A35657 /* DetailViewController.xib */; };
		CEBD966515E9179A00D0F25C /* Data.plist in Resources */ = {isa = PBXBuildFile; fileRef = CEBD966415E9179A00D0F25C /* Data.plist */; };
		CEC520C215E53D8200AC4F79 /* UIKit.framework in Frameworks */ = {isa = PBXBuildFile; fileRef = CEC520C115E53D8200AC4F79 /* UIKit.framework */; };
		CEC520C415E53D8200AC4F79 /* Foundation.framework in Frameworks */ = {isa = PBXBuildFile; fileRef = CEC520C315E53D8200AC4F79 /* Foundation.framework */; };
		CEC520C615E53D8200AC4F79 /* CoreGraphics.framework in Frameworks */ = {isa = PBXBuildFile; fileRef = CEC520C515E53D8200AC4F79 /* CoreGraphics.framework */; };
		CEC520CC15E53D8200AC4F79 /* InfoPlist.strings in Resources */ = {isa = PBXBuildFile; fileRef = CEC520CA15E53D8200AC4F79 /* InfoPlist.strings */; };
		CEC520CE15E53D8200AC4F79 /* main.m in Sources */ = {isa = PBXBuildFile; fileRef = CEC520CD15E53D8200AC4F79 /* main.m */; };
		CEC520D215E53D8200AC4F79 /* AppDelegate.m in Sources */ = {isa = PBXBuildFile; fileRef = CEC520D115E53D8200AC4F79 /* AppDelegate.m */; };
		CEC520D515E53D8200AC4F79 /* ViewController.m in Sources */ = {isa = PBXBuildFile; fileRef = CEC520D415E53D8200AC4F79 /* ViewController.m */; };
		CEC520D815E53D8200AC4F79 /* ViewController.xib in Resources */ = {isa = PBXBuildFile; fileRef = CEC520D615E53D8200AC4F79 /* ViewController.xib */; };
		CEC71C9415EA477E00A12356 /* ListViewSingleUnitController.m in Sources */ = {isa = PBXBuildFile; fileRef = CEC71C9215EA477E00A12356 /* ListViewSingleUnitController.m */; };
		CEC71C9515EA477E00A12356 /* ListViewSingleUnitController.xib in Resources */ = {isa = PBXBuildFile; fileRef = CEC71C9315EA477E00A12356 /* ListViewSingleUnitController.xib */; };
/* End PBXBuildFile section */

/* Begin PBXFileReference section */
		CE3DB44115E932E400A35657 /* DetailViewController.h */ = {isa = PBXFileReference; fileEncoding = 4; lastKnownFileType = sourcecode.c.h; path = DetailViewController.h; sourceTree = "<group>"; };
		CE3DB44215E932E400A35657 /* DetailViewController.m */ = {isa = PBXFileReference; fileEncoding = 4; lastKnownFileType = sourcecode.c.objc; path = DetailViewController.m; sourceTree = "<group>"; };
		CE3DB44315E932E400A35657 /* DetailViewController.xib */ = {isa = PBXFileReference; fileEncoding = 4; lastKnownFileType = file.xib; path = DetailViewController.xib; sourceTree = "<group>"; };
		CEBD966415E9179A00D0F25C /* Data.plist */ = {isa = PBXFileReference; fileEncoding = 4; lastKnownFileType = text.plist.xml; path = Data.plist; sourceTree = "<group>"; };
		CEC520BD15E53D8200AC4F79 /* MainProject.app */ = {isa = PBXFileReference; explicitFileType = wrapper.application; includeInIndex = 0; path = MainProject.app; sourceTree = BUILT_PRODUCTS_DIR; };
		CEC520C115E53D8200AC4F79 /* UIKit.framework */ = {isa = PBXFileReference; lastKnownFileType = wrapper.framework; name = UIKit.framework; path = System/Library/Frameworks/UIKit.framework; sourceTree = SDKROOT; };
		CEC520C315E53D8200AC4F79 /* Foundation.framework */ = {isa = PBXFileReference; lastKnownFileType = wrapper.framework; name = Foundation.framework; path = System/Library/Frameworks/Foundation.framework; sourceTree = SDKROOT; };
		CEC520C515E53D8200AC4F79 /* CoreGraphics.framework */ = {isa = PBXFileReference; lastKnownFileType = wrapper.framework; name = CoreGraphics.framework; path = System/Library/Frameworks/CoreGraphics.framework; sourceTree = SDKROOT; };
		CEC520C915E53D8200AC4F79 /* MainProject-Info.plist */ = {isa = PBXFileReference; lastKnownFileType = text.plist.xml; path = "MainProject-Info.plist"; sourceTree = "<group>"; };
		CEC520CB15E53D8200AC4F79 /* en */ = {isa = PBXFileReference; lastKnownFileType = text.plist.strings; name = en; path = en.lproj/InfoPlist.strings; sourceTree = "<group>"; };
		CEC520CD15E53D8200AC4F79 /* main.m */ = {isa = PBXFileReference; lastKnownFileType = sourcecode.c.objc; path = main.m; sourceTree = "<group>"; };
		CEC520CF15E53D8200AC4F79 /* MainProject-Prefix.pch */ = {isa = PBXFileReference; lastKnownFileType = sourcecode.c.h; path = "MainProject-Prefix.pch"; sourceTree = "<group>"; };
		CEC520D015E53D8200AC4F79 /* AppDelegate.h */ = {isa = PBXFileReference; lastKnownFileType = sourcecode.c.h; path = AppDelegate.h; sourceTree = "<group>"; };
		CEC520D115E53D8200AC4F79 /* AppDelegate.m */ = {isa = PBXFileReference; lastKnownFileType = sourcecode.c.objc; path = AppDelegate.m; sourceTree = "<group>"; };
		CEC520D315E53D8200AC4F79 /* ViewController.h */ = {isa = PBXFileReference; lastKnownFileType = sourcecode.c.h; path = ViewController.h; sourceTree = "<group>"; };
		CEC520D415E53D8200AC4F79 /* ViewController.m */ = {isa = PBXFileReference; lastKnownFileType = sourcecode.c.objc; path = ViewController.m; sourceTree = "<group>"; };
		CEC520D715E53D8200AC4F79 /* en */ = {isa = PBXFileReference; lastKnownFileType = file.xib; name = en; path = en.lproj/ViewController.xib; sourceTree = "<group>"; };
		CEC71C9115EA477E00A12356 /* ListViewSingleUnitController.h */ = {isa = PBXFileReference; fileEncoding = 4; lastKnownFileType = sourcecode.c.h; path = ListViewSingleUnitController.h; sourceTree = "<group>"; };
		CEC71C9215EA477E00A12356 /* ListViewSingleUnitController.m */ = {isa = PBXFileReference; fileEncoding = 4; lastKnownFileType = sourcecode.c.objc; path = ListViewSingleUnitController.m; sourceTree = "<group>"; };
		CEC71C9315EA477E00A12356 /* ListViewSingleUnitController.xib */ = {isa = PBXFileReference; fileEncoding = 4; lastKnownFileType = file.xib; path = ListViewSingleUnitController.xib; sourceTree = "<group>"; };
/* End PBXFileReference section */

/* Begin PBXFrameworksBuildPhase section */
		CEC520BA15E53D8200AC4F79 /* Frameworks */ = {
			isa = PBXFrameworksBuildPhase;
			buildActionMask = 2147483647;
			files = (
				CEC520C215E53D8200AC4F79 /* UIKit.framework in Frameworks */,
				CEC520C415E53D8200AC4F79 /* Foundation.framework in Frameworks */,
				CEC520C615E53D8200AC4F79 /* CoreGraphics.framework in Frameworks */,
			);
			runOnlyForDeploymentPostprocessing = 0;
		};
/* End PBXFrameworksBuildPhase section */

/* Begin PBXGroup section */
		CEC520B215E53D8200AC4F79 = {
			isa = PBXGroup;
			children = (
				CEC520C715E53D8200AC4F79 /* MainProject */,
				CEC520C015E53D8200AC4F79 /* Frameworks */,
				CEC520BE15E53D8200AC4F79 /* Products */,
			);
			sourceTree = "<group>";
		};
		CEC520BE15E53D8200AC4F79 /* Products */ = {
			isa = PBXGroup;
			children = (
				CEC520BD15E53D8200AC4F79 /* MainProject.app */,
			);
			name = Products;
			sourceTree = "<group>";
		};
		CEC520C015E53D8200AC4F79 /* Frameworks */ = {
			isa = PBXGroup;
			children = (
				CEC520C115E53D8200AC4F79 /* UIKit.framework */,
				CEC520C315E53D8200AC4F79 /* Foundation.framework */,
				CEC520C515E53D8200AC4F79 /* CoreGraphics.framework */,
			);
			name = Frameworks;
			sourceTree = "<group>";
		};
		CEC520C715E53D8200AC4F79 /* MainProject */ = {
			isa = PBXGroup;
			children = (
				CEC520D015E53D8200AC4F79 /* AppDelegate.h */,
				CEC520D115E53D8200AC4F79 /* AppDelegate.m */,
				CEC520D315E53D8200AC4F79 /* ViewController.h */,
				CEC520D415E53D8200AC4F79 /* ViewController.m */,
				CEC520D615E53D8200AC4F79 /* ViewController.xib */,
				CEC520C815E53D8200AC4F79 /* Supporting Files */,
				CE3DB44115E932E400A35657 /* DetailViewController.h */,
				CE3DB44215E932E400A35657 /* DetailViewController.m */,
				CE3DB44315E932E400A35657 /* DetailViewController.xib */,
				CEC71C9115EA477E00A12356 /* ListViewSingleUnitController.h */,
				CEC71C9215EA477E00A12356 /* ListViewSingleUnitController.m */,
				CEC71C9315EA477E00A12356 /* ListViewSingleUnitController.xib */,
			);
			path = MainProject;
			sourceTree = "<group>";
		};
		CEC520C815E53D8200AC4F79 /* Supporting Files */ = {
			isa = PBXGroup;
			children = (
				CEC520C915E53D8200AC4F79 /* MainProject-Info.plist */,
				CEC520CA15E53D8200AC4F79 /* InfoPlist.strings */,
				CEC520CD15E53D8200AC4F79 /* main.m */,
				CEC520CF15E53D8200AC4F79 /* MainProject-Prefix.pch */,
				CEBD966415E9179A00D0F25C /* Data.plist */,
			);
			name = "Supporting Files";
			sourceTree = "<group>";
		};
/* End PBXGroup section */

/* Begin PBXNativeTarget section */
		CEC520BC15E53D8200AC4F79 /* MainProject */ = {
			isa = PBXNativeTarget;
			buildConfigurationList = CEC520DB15E53D8200AC4F79 /* Build configuration list for PBXNativeTarget "MainProject" */;
			buildPhases = (
				CEC520B915E53D8200AC4F79 /* Sources */,
				CEC520BA15E53D8200AC4F79 /* Frameworks */,
				CEC520BB15E53D8200AC4F79 /* Resources */,
			);
			buildRules = (
			);
			dependencies = (
			);
			name = MainProject;
			productName = MainProject;
			productReference = CEC520BD15E53D8200AC4F79 /* MainProject.app */;
			productType = "com.apple.product-type.application";
		};
/* End PBXNativeTarget section */

/* Begin PBXProject section */
		CEC520B415E53D8200AC4F79 /* Project object */ = {
			isa = PBXProject;
			attributes = {
				LastUpgradeCheck = 0440;
				ORGANIZATIONNAME = Admin;
			};
			buildConfigurationList = CEC520B715E53D8200AC4F79 /* Build configuration list for PBXProject "MainProject" */;
			compatibilityVersion = "Xcode 3.2";
			developmentRegion = English;
			hasScannedForEncodings = 0;
			knownRegions = (
				en,
			);
			mainGroup = CEC520B215E53D8200AC4F79;
			productRefGroup = CEC520BE15E53D8200AC4F79 /* Products */;
			projectDirPath = "";
			projectRoot = "";
			targets = (
				CEC520BC15E53D8200AC4F79 /* MainProject */,
			);
		};
/* End PBXProject section */

/* Begin PBXResourcesBuildPhase section */
		CEC520BB15E53D8200AC4F79 /* Resources */ = {
			isa = PBXResourcesBuildPhase;
			buildActionMask = 2147483647;
			files = (
				CEC520CC15E53D8200AC4F79 /* InfoPlist.strings in Resources */,
				CEC520D815E53D8200AC4F79 /* ViewController.xib in Resources */,
				CEBD966515E9179A00D0F25C /* Data.plist in Resources */,
				CE3DB44515E932E400A35657 /* DetailViewController.xib in Resources */,
				CEC71C9515EA477E00A12356 /* ListViewSingleUnitController.xib in Resources */,
			);
			runOnlyForDeploymentPostprocessing = 0;
		};
/* End PBXResourcesBuildPhase section */

/* Begin PBXSourcesBuildPhase section */
		CEC520B915E53D8200AC4F79 /* Sources */ = {
			isa = PBXSourcesBuildPhase;
			buildActionMask = 2147483647;
			files = (
				CEC520CE15E53D8200AC4F79 /* main.m in Sources */,
				CEC520D215E53D8200AC4F79 /* AppDelegate.m in Sources */,
				CEC520D515E53D8200AC4F79 /* ViewController.m in Sources */,
				CE3DB44415E932E400A35657 /* DetailViewController.m in Sources */,
				CEC71C9415EA477E00A12356 /* ListViewSingleUnitController.m in Sources */,
			);
			runOnlyForDeploymentPostprocessing = 0;
		};
/* End PBXSourcesBuildPhase section */

/* Begin PBXVariantGroup section */
		CEC520CA15E53D8200AC4F79 /* InfoPlist.strings */ = {
			isa = PBXVariantGroup;
			children = (
				CEC520CB15E53D8200AC4F79 /* en */,
			);
			name = InfoPlist.strings;
			sourceTree = "<group>";
		};
		CEC520D615E53D8200AC4F79 /* ViewController.xib */ = {
			isa = PBXVariantGroup;
			children = (
				CEC520D715E53D8200AC4F79 /* en */,
			);
			name = ViewController.xib;
			sourceTree = "<group>";
		};
/* End PBXVariantGroup section */

/* Begin XCBuildConfiguration section */
		CEC520D915E53D8200AC4F79 /* Debug */ = {
			isa = XCBuildConfiguration;
			buildSettings = {
				ALWAYS_SEARCH_USER_PATHS = NO;
				ARCHS = "$(ARCHS_STANDARD_32_BIT)";
				CLANG_CXX_LANGUAGE_STANDARD = "gnu++0x";
				CLANG_WARN__DUPLICATE_METHOD_MATCH = YES;
				"CODE_SIGN_IDENTITY[sdk=iphoneos*]" = "iPhone Developer";
				COPY_PHASE_STRIP = NO;
				GCC_C_LANGUAGE_STANDARD = gnu99;
				GCC_DYNAMIC_NO_PIC = NO;
				GCC_OPTIMIZATION_LEVEL = 0;
				GCC_PREPROCESSOR_DEFINITIONS = (
					"DEBUG=1",
					"$(inherited)",
				);
				GCC_SYMBOLS_PRIVATE_EXTERN = NO;
				GCC_VERSION = com.apple.compilers.llvm.clang.1_0;
				GCC_WARN_ABOUT_RETURN_TYPE = YES;
				GCC_WARN_UNINITIALIZED_AUTOS = YES;
				GCC_WARN_UNUSED_VARIABLE = YES;
				IPHONEOS_DEPLOYMENT_TARGET = 5.1;
				SDKROOT = iphoneos;
			};
			name = Debug;
		};
		CEC520DA15E53D8200AC4F79 /* Release */ = {
			isa = XCBuildConfiguration;
			buildSettings = {
				ALWAYS_SEARCH_USER_PATHS = NO;
				ARCHS = "$(ARCHS_STANDARD_32_BIT)";
				CLANG_CXX_LANGUAGE_STANDARD = "gnu++0x";
				CLANG_WARN__DUPLICATE_METHOD_MATCH = YES;
				"CODE_SIGN_IDENTITY[sdk=iphoneos*]" = "iPhone Developer";
				COPY_PHASE_STRIP = YES;
				GCC_C_LANGUAGE_STANDARD = gnu99;
				GCC_VERSION = com.apple.compilers.llvm.clang.1_0;
				GCC_WARN_ABOUT_RETURN_TYPE = YES;
				GCC_WARN_UNINITIALIZED_AUTOS = YES;
				GCC_WARN_UNUSED_VARIABLE = YES;
				IPHONEOS_DEPLOYMENT_TARGET = 5.1;
				OTHER_CFLAGS = "-DNS_BLOCK_ASSERTIONS=1";
				SDKROOT = iphoneos;
				VALIDATE_PRODUCT = YES;
			};
			name = Release;
		};
		CEC520DC15E53D8200AC4F79 /* Debug */ = {
			isa = XCBuildConfiguration;
			buildSettings = {
				GCC_PRECOMPILE_PREFIX_HEADER = YES;
				GCC_PREFIX_HEADER = "MainProject/MainProject-Prefix.pch";
				INFOPLIST_FILE = "MainProject/MainProject-Info.plist";
				PRODUCT_NAME = "$(TARGET_NAME)";
				WRAPPER_EXTENSION = app;
			};
			name = Debug;
		};
		CEC520DD15E53D8200AC4F79 /* Release */ = {
			isa = XCBuildConfiguration;
			buildSettings = {
				GCC_PRECOMPILE_PREFIX_HEADER = YES;
				GCC_PREFIX_HEADER = "MainProject/MainProject-Prefix.pch";
				INFOPLIST_FILE = "MainProject/MainProject-Info.plist";
				PRODUCT_NAME = "$(TARGET_NAME)";
				WRAPPER_EXTENSION = app;
			};
			name = Release;
		};
/* End XCBuildConfiguration section */

/* Begin XCConfigurationList section */
		CEC520B715E53D8200AC4F79 /* Build configuration list for PBXProject "MainProject" */ = {
			isa = XCConfigurationList;
			buildConfigurations = (
				CEC520D915E53D8200AC4F79 /* Debug */,
				CEC520DA15E53D8200AC4F79 /* Release */,
			);
			defaultConfigurationIsVisible = 0;
			defaultConfigurationName = Release;
		};
		CEC520DB15E53D8200AC4F79 /* Build configuration list for PBXNativeTarget "MainProject" */ = {
			isa = XCConfigurationList;
			buildConfigurations = (
				CEC520DC15E53D8200AC4F79 /* Debug */,
				CEC520DD15E53D8200AC4F79 /* Release */,
			);
			defaultConfigurationIsVisible = 0;
			defaultConfigurationName = Release;
		};
/* End XCConfigurationList section */
	};
	rootObject = CEC520B415E53D8200AC4F79 /* Project object */;
}
